// !$*UTF8*$!
{
	archiveVersion = 1;
	classes = {
	};
	objectVersion = 51;
	objects = {

/* Begin PBXBuildFile section */
		8D88D5F849DA2A2F1B78B39F /* libPods-flutter-boost-ios.a in Frameworks */ = {isa = PBXBuildFile; fileRef = 4567B1D9D305E41B5CE2276C /* libPods-flutter-boost-ios.a */; };
		C65DB0C125AED0FB00CBD2BA /* NativeBoostViewController.m in Sources */ = {isa = PBXBuildFile; fileRef = C65DB0C025AED0FB00CBD2BA /* NativeBoostViewController.m */; };
		C6EE8D0E24737F04004DB4D3 /* AppDelegate.m in Sources */ = {isa = PBXBuildFile; fileRef = C6EE8D0D24737F04004DB4D3 /* AppDelegate.m */; };
		C6EE8D1124737F04004DB4D3 /* SceneDelegate.m in Sources */ = {isa = PBXBuildFile; fileRef = C6EE8D1024737F04004DB4D3 /* SceneDelegate.m */; };
		C6EE8D1424737F04004DB4D3 /* ViewController.m in Sources */ = {isa = PBXBuildFile; fileRef = C6EE8D1324737F04004DB4D3 /* ViewController.m */; };
		C6EE8D1724737F04004DB4D3 /* Main.storyboard in Resources */ = {isa = PBXBuildFile; fileRef = C6EE8D1524737F04004DB4D3 /* Main.storyboard */; };
		C6EE8D1924737F08004DB4D3 /* Assets.xcassets in Resources */ = {isa = PBXBuildFile; fileRef = C6EE8D1824737F08004DB4D3 /* Assets.xcassets */; };
		C6EE8D1C24737F08004DB4D3 /* LaunchScreen.storyboard in Resources */ = {isa = PBXBuildFile; fileRef = C6EE8D1A24737F08004DB4D3 /* LaunchScreen.storyboard */; };
		C6EE8D1F24737F08004DB4D3 /* main.m in Sources */ = {isa = PBXBuildFile; fileRef = C6EE8D1E24737F08004DB4D3 /* main.m */; };
		C6EE8D2B2473822D004DB4D3 /* WPFlutterRouter.m in Sources */ = {isa = PBXBuildFile; fileRef = C6EE8D252473822D004DB4D3 /* WPFlutterRouter.m */; };
		C6EE8D2C2473822D004DB4D3 /* WPFlutterManager.m in Sources */ = {isa = PBXBuildFile; fileRef = C6EE8D292473822D004DB4D3 /* WPFlutterManager.m */; };
		C6EE8D2D2473822D004DB4D3 /* WPFlutterBaseViewController.m in Sources */ = {isa = PBXBuildFile; fileRef = C6EE8D2A2473822D004DB4D3 /* WPFlutterBaseViewController.m */; };
/* End PBXBuildFile section */

/* Begin PBXFileReference section */
		4567B1D9D305E41B5CE2276C /* libPods-flutter-boost-ios.a */ = {isa = PBXFileReference; explicitFileType = archive.ar; includeInIndex = 0; path = "libPods-flutter-boost-ios.a"; sourceTree = BUILT_PRODUCTS_DIR; };
		BCCFECF24913687754BAA04C /* Pods-flutter-boost-ios.release.xcconfig */ = {isa = PBXFileReference; includeInIndex = 1; lastKnownFileType = text.xcconfig; name = "Pods-flutter-boost-ios.release.xcconfig"; path = "Pods/Target Support Files/Pods-flutter-boost-ios/Pods-flutter-boost-ios.release.xcconfig"; sourceTree = "<group>"; };
		C65DB0BF25AED0FA00CBD2BA /* NativeBoostViewController.h */ = {isa = PBXFileReference; fileEncoding = 4; lastKnownFileType = sourcecode.c.h; path = NativeBoostViewController.h; sourceTree = "<group>"; };
		C65DB0C025AED0FB00CBD2BA /* NativeBoostViewController.m */ = {isa = PBXFileReference; fileEncoding = 4; lastKnownFileType = sourcecode.c.objc; path = NativeBoostViewController.m; sourceTree = "<group>"; };
		C6EE8D0924737F04004DB4D3 /* flutter-boost-ios.app */ = {isa = PBXFileReference; explicitFileType = wrapper.application; includeInIndex = 0; path = "flutter-boost-ios.app"; sourceTree = BUILT_PRODUCTS_DIR; };
		C6EE8D0C24737F04004DB4D3 /* AppDelegate.h */ = {isa = PBXFileReference; lastKnownFileType = sourcecode.c.h; path = AppDelegate.h; sourceTree = "<group>"; };
		C6EE8D0D24737F04004DB4D3 /* AppDelegate.m */ = {isa = PBXFileReference; lastKnownFileType = sourcecode.c.objc; path = AppDelegate.m; sourceTree = "<group>"; };
		C6EE8D0F24737F04004DB4D3 /* SceneDelegate.h */ = {isa = PBXFileReference; lastKnownFileType = sourcecode.c.h; path = SceneDelegate.h; sourceTree = "<group>"; };
		C6EE8D1024737F04004DB4D3 /* SceneDelegate.m */ = {isa = PBXFileReference; lastKnownFileType = sourcecode.c.objc; path = SceneDelegate.m; sourceTree = "<group>"; };
		C6EE8D1224737F04004DB4D3 /* ViewController.h */ = {isa = PBXFileReference; lastKnownFileType = sourcecode.c.h; path = ViewController.h; sourceTree = "<group>"; };
		C6EE8D1324737F04004DB4D3 /* ViewController.m */ = {isa = PBXFileReference; lastKnownFileType = sourcecode.c.objc; path = ViewController.m; sourceTree = "<group>"; };
		C6EE8D1624737F04004DB4D3 /* Base */ = {isa = PBXFileReference; lastKnownFileType = file.storyboard; name = Base; path = Base.lproj/Main.storyboard; sourceTree = "<group>"; };
		C6EE8D1824737F08004DB4D3 /* Assets.xcassets */ = {isa = PBXFileReference; lastKnownFileType = folder.assetcatalog; path = Assets.xcassets; sourceTree = "<group>"; };
		C6EE8D1B24737F08004DB4D3 /* Base */ = {isa = PBXFileReference; lastKnownFileType = file.storyboard; name = Base; path = Base.lproj/LaunchScreen.storyboard; sourceTree = "<group>"; };
		C6EE8D1D24737F08004DB4D3 /* Info.plist */ = {isa = PBXFileReference; lastKnownFileType = text.plist.xml; path = Info.plist; sourceTree = "<group>"; };
		C6EE8D1E24737F08004DB4D3 /* main.m */ = {isa = PBXFileReference; lastKnownFileType = sourcecode.c.objc; path = main.m; sourceTree = "<group>"; };
		C6EE8D252473822D004DB4D3 /* WPFlutterRouter.m */ = {isa = PBXFileReference; fileEncoding = 4; lastKnownFileType = sourcecode.c.objc; path = WPFlutterRouter.m; sourceTree = "<group>"; };
		C6EE8D262473822D004DB4D3 /* WPFlutterBaseViewController.h */ = {isa = PBXFileReference; fileEncoding = 4; lastKnownFileType = sourcecode.c.h; path = WPFlutterBaseViewController.h; sourceTree = "<group>"; };
		C6EE8D272473822D004DB4D3 /* WPFlutterManager.h */ = {isa = PBXFileReference; fileEncoding = 4; lastKnownFileType = sourcecode.c.h; path = WPFlutterManager.h; sourceTree = "<group>"; };
		C6EE8D282473822D004DB4D3 /* WPFlutterRouter.h */ = {isa = PBXFileReference; fileEncoding = 4; lastKnownFileType = sourcecode.c.h; path = WPFlutterRouter.h; sourceTree = "<group>"; };
		C6EE8D292473822D004DB4D3 /* WPFlutterManager.m */ = {isa = PBXFileReference; fileEncoding = 4; lastKnownFileType = sourcecode.c.objc; path = WPFlutterManager.m; sourceTree = "<group>"; };
		C6EE8D2A2473822D004DB4D3 /* WPFlutterBaseViewController.m */ = {isa = PBXFileReference; fileEncoding = 4; lastKnownFileType = sourcecode.c.objc; path = WPFlutterBaseViewController.m; sourceTree = "<group>"; };
		F491E9E1F522695C231A1AC4 /* Pods-flutter-boost-ios.debug.xcconfig */ = {isa = PBXFileReference; includeInIndex = 1; lastKnownFileType = text.xcconfig; name = "Pods-flutter-boost-ios.debug.xcconfig"; path = "Pods/Target Support Files/Pods-flutter-boost-ios/Pods-flutter-boost-ios.debug.xcconfig"; sourceTree = "<group>"; };
/* End PBXFileReference section */

/* Begin PBXFrameworksBuildPhase section */
		C6EE8D0624737F04004DB4D3 /* Frameworks */ = {
			isa = PBXFrameworksBuildPhase;
			buildActionMask = 2147483647;
			files = (
				8D88D5F849DA2A2F1B78B39F /* libPods-flutter-boost-ios.a in Frameworks */,
			);
			runOnlyForDeploymentPostprocessing = 0;
		};
/* End PBXFrameworksBuildPhase section */

/* Begin PBXGroup section */
		8880B6618D9A966B6B890CA4 /* Pods */ = {
			isa = PBXGroup;
			children = (
				F491E9E1F522695C231A1AC4 /* Pods-flutter-boost-ios.debug.xcconfig */,
				BCCFECF24913687754BAA04C /* Pods-flutter-boost-ios.release.xcconfig */,
			);
			name = Pods;
			sourceTree = "<group>";
		};
		A0DF3CF3A550A118046C9BC9 /* Frameworks */ = {
			isa = PBXGroup;
			children = (
				4567B1D9D305E41B5CE2276C /* libPods-flutter-boost-ios.a */,
			);
			name = Frameworks;
			sourceTree = "<group>";
		};
		C6EE8D0024737F04004DB4D3 = {
			isa = PBXGroup;
			children = (
				C6EE8D0B24737F04004DB4D3 /* flutter-boost-ios */,
				C6EE8D0A24737F04004DB4D3 /* Products */,
				8880B6618D9A966B6B890CA4 /* Pods */,
				A0DF3CF3A550A118046C9BC9 /* Frameworks */,
			);
			sourceTree = "<group>";
		};
		C6EE8D0A24737F04004DB4D3 /* Products */ = {
			isa = PBXGroup;
			children = (
				C6EE8D0924737F04004DB4D3 /* flutter-boost-ios.app */,
			);
			name = Products;
			sourceTree = "<group>";
		};
		C6EE8D0B24737F04004DB4D3 /* flutter-boost-ios */ = {
			isa = PBXGroup;
			children = (
				C6EE8D2E24738230004DB4D3 /* FlutterBoost */,
				C6EE8D0C24737F04004DB4D3 /* AppDelegate.h */,
				C6EE8D0D24737F04004DB4D3 /* AppDelegate.m */,
				C6EE8D0F24737F04004DB4D3 /* SceneDelegate.h */,
				C6EE8D1024737F04004DB4D3 /* SceneDelegate.m */,
				C6EE8D1224737F04004DB4D3 /* ViewController.h */,
				C6EE8D1324737F04004DB4D3 /* ViewController.m */,
				C65DB0BF25AED0FA00CBD2BA /* NativeBoostViewController.h */,
				C65DB0C025AED0FB00CBD2BA /* NativeBoostViewController.m */,
				C6EE8D1524737F04004DB4D3 /* Main.storyboard */,
				C6EE8D1824737F08004DB4D3 /* Assets.xcassets */,
				C6EE8D1A24737F08004DB4D3 /* LaunchScreen.storyboard */,
				C6EE8D1D24737F08004DB4D3 /* Info.plist */,
				C6EE8D1E24737F08004DB4D3 /* main.m */,
			);
			path = "flutter-boost-ios";
			sourceTree = "<group>";
		};
		C6EE8D2E24738230004DB4D3 /* FlutterBoost */ = {
			isa = PBXGroup;
			children = (
				C6EE8D272473822D004DB4D3 /* WPFlutterManager.h */,
				C6EE8D292473822D004DB4D3 /* WPFlutterManager.m */,
				C6EE8D282473822D004DB4D3 /* WPFlutterRouter.h */,
				C6EE8D252473822D004DB4D3 /* WPFlutterRouter.m */,
				C6EE8D262473822D004DB4D3 /* WPFlutterBaseViewController.h */,
				C6EE8D2A2473822D004DB4D3 /* WPFlutterBaseViewController.m */,
			);
			path = FlutterBoost;
			sourceTree = "<group>";
		};
/* End PBXGroup section */

/* Begin PBXNativeTarget section */
		C6EE8D0824737F04004DB4D3 /* flutter-boost-ios */ = {
			isa = PBXNativeTarget;
			buildConfigurationList = C6EE8D2224737F08004DB4D3 /* Build configuration list for PBXNativeTarget "flutter-boost-ios" */;
			buildPhases = (
				9B08461E8F368B56B1482669 /* [CP] Check Pods Manifest.lock */,
				A8C0576CC8F01F086F6E4598 /* [CP-User] Run Flutter Build Script */,
				C6EE8D0524737F04004DB4D3 /* Sources */,
				C6EE8D0624737F04004DB4D3 /* Frameworks */,
				C6EE8D0724737F04004DB4D3 /* Resources */,
				B650ABE381688F62E9E552B1 /* [CP] Embed Pods Frameworks */,
				C696CDFD24B6C0E800BFEAA4 /* ShellScript */,
			);
			buildRules = (
			);
			dependencies = (
			);
			name = "flutter-boost-ios";
			productName = "flutter-boost-ios";
			productReference = C6EE8D0924737F04004DB4D3 /* flutter-boost-ios.app */;
			productType = "com.apple.product-type.application";
		};
/* End PBXNativeTarget section */

/* Begin PBXProject section */
		C6EE8D0124737F04004DB4D3 /* Project object */ = {
			isa = PBXProject;
			attributes = {
				LastUpgradeCheck = 1140;
				ORGANIZATIONNAME = Mvm;
				TargetAttributes = {
					C6EE8D0824737F04004DB4D3 = {
						CreatedOnToolsVersion = 11.4;
					};
				};
			};
			buildConfigurationList = C6EE8D0424737F04004DB4D3 /* Build configuration list for PBXProject "flutter-boost-ios" */;
			compatibilityVersion = "Xcode 9.3";
			developmentRegion = en;
			hasScannedForEncodings = 0;
			knownRegions = (
				en,
				Base,
			);
			mainGroup = C6EE8D0024737F04004DB4D3;
			productRefGroup = C6EE8D0A24737F04004DB4D3 /* Products */;
			projectDirPath = "";
			projectRoot = "";
			targets = (
				C6EE8D0824737F04004DB4D3 /* flutter-boost-ios */,
			);
		};
/* End PBXProject section */

/* Begin PBXResourcesBuildPhase section */
		C6EE8D0724737F04004DB4D3 /* Resources */ = {
			isa = PBXResourcesBuildPhase;
			buildActionMask = 2147483647;
			files = (
				C6EE8D1C24737F08004DB4D3 /* LaunchScreen.storyboard in Resources */,
				C6EE8D1924737F08004DB4D3 /* Assets.xcassets in Resources */,
				C6EE8D1724737F04004DB4D3 /* Main.storyboard in Resources */,
			);
			runOnlyForDeploymentPostprocessing = 0;
		};
/* End PBXResourcesBuildPhase section */

/* Begin PBXShellScriptBuildPhase section */
		9B08461E8F368B56B1482669 /* [CP] Check Pods Manifest.lock */ = {
			isa = PBXShellScriptBuildPhase;
			buildActionMask = 2147483647;
			files = (
			);
			inputPaths = (
				"${PODS_PODFILE_DIR_PATH}/Podfile.lock",
				"${PODS_ROOT}/Manifest.lock",
			);
			name = "[CP] Check Pods Manifest.lock";
			outputPaths = (
				"$(DERIVED_FILE_DIR)/Pods-flutter-boost-ios-checkManifestLockResult.txt",
			);
			runOnlyForDeploymentPostprocessing = 0;
			shellPath = /bin/sh;
			shellScript = "diff \"${PODS_PODFILE_DIR_PATH}/Podfile.lock\" \"${PODS_ROOT}/Manifest.lock\" > /dev/null\nif [ $? != 0 ] ; then\n    # print error to STDERR\n    echo \"error: The sandbox is not in sync with the Podfile.lock. Run 'pod install' or update your CocoaPods installation.\" >&2\n    exit 1\nfi\n# This output is used by Xcode 'outputs' to avoid re-running this script phase.\necho \"SUCCESS\" > \"${SCRIPT_OUTPUT_FILE_0}\"\n";
			showEnvVarsInLog = 0;
		};
		A8C0576CC8F01F086F6E4598 /* [CP-User] Run Flutter Build Script */ = {
			isa = PBXShellScriptBuildPhase;
			buildActionMask = 2147483647;
			files = (
			);
			inputPaths = (
				"${SRCROOT}/../flutter_module/.metadata",
				"${SRCROOT}/../flutter_module/.ios/Flutter/App.framework/App",
				"${SRCROOT}/../flutter_module/.ios/Flutter/engine/Flutter.framework/Flutter",
				"${SRCROOT}/../flutter_module/.ios/Flutter/flutter_export_environment.sh",
			);
			name = "[CP-User] Run Flutter Build Script";
			runOnlyForDeploymentPostprocessing = 0;
			shellPath = /bin/sh;
			shellScript = "set -e\nset -u\nsource \"${SRCROOT}/../flutter_module/.ios/Flutter/flutter_export_environment.sh\"\n\"$FLUTTER_ROOT\"/packages/flutter_tools/bin/xcode_backend.sh build";
		};
		B650ABE381688F62E9E552B1 /* [CP] Embed Pods Frameworks */ = {
			isa = PBXShellScriptBuildPhase;
			buildActionMask = 2147483647;
			files = (
			);
			inputFileListPaths = (
				"${PODS_ROOT}/Target Support Files/Pods-flutter-boost-ios/Pods-flutter-boost-ios-frameworks-${CONFIGURATION}-input-files.xcfilelist",
			);
			name = "[CP] Embed Pods Frameworks";
			outputFileListPaths = (
				"${PODS_ROOT}/Target Support Files/Pods-flutter-boost-ios/Pods-flutter-boost-ios-frameworks-${CONFIGURATION}-output-files.xcfilelist",
			);
			runOnlyForDeploymentPostprocessing = 0;
			shellPath = /bin/sh;
			shellScript = "\"${PODS_ROOT}/Target Support Files/Pods-flutter-boost-ios/Pods-flutter-boost-ios-frameworks.sh\"\n";
			showEnvVarsInLog = 0;
		};
		C696CDFD24B6C0E800BFEAA4 /* ShellScript */ = {
			isa = PBXShellScriptBuildPhase;
			buildActionMask = 2147483647;
			files = (
			);
			inputFileListPaths = (
			);
			inputPaths = (
			);
			outputFileListPaths = (
			);
			outputPaths = (
			);
			runOnlyForDeploymentPostprocessing = 0;
			shellPath = /bin/sh;
			shellScript = "pod update --no-repo-update\n";
		};
/* End PBXShellScriptBuildPhase section */

/* Begin PBXSourcesBuildPhase section */
		C6EE8D0524737F04004DB4D3 /* Sources */ = {
			isa = PBXSourcesBuildPhase;
			buildActionMask = 2147483647;
			files = (
				C6EE8D1424737F04004DB4D3 /* ViewController.m in Sources */,
				C6EE8D2C2473822D004DB4D3 /* WPFlutterManager.m in Sources */,
				C6EE8D0E24737F04004DB4D3 /* AppDelegate.m in Sources */,
				C65DB0C125AED0FB00CBD2BA /* NativeBoostViewController.m in Sources */,
				C6EE8D2D2473822D004DB4D3 /* WPFlutterBaseViewController.m in Sources */,
				C6EE8D1F24737F08004DB4D3 /* main.m in Sources */,
				C6EE8D1124737F04004DB4D3 /* SceneDelegate.m in Sources */,
				C6EE8D2B2473822D004DB4D3 /* WPFlutterRouter.m in Sources */,
			);
			runOnlyForDeploymentPostprocessing = 0;
		};
/* End PBXSourcesBuildPhase section */

/* Begin PBXVariantGroup section */
		C6EE8D1524737F04004DB4D3 /* Main.storyboard */ = {
			isa = PBXVariantGroup;
			children = (
				C6EE8D1624737F04004DB4D3 /* Base */,
			);
			name = Main.storyboard;
			sourceTree = "<group>";
		};
		C6EE8D1A24737F08004DB4D3 /* LaunchScreen.storyboard */ = {
			isa = PBXVariantGroup;
			children = (
				C6EE8D1B24737F08004DB4D3 /* Base */,
			);
			name = LaunchScreen.storyboard;
			sourceTree = "<group>";
		};
/* End PBXVariantGroup section */

/* Begin XCBuildConfiguration section */
		C6EE8D2024737F08004DB4D3 /* Debug */ = {
			isa = XCBuildConfiguration;
			buildSettings = {
				ALWAYS_SEARCH_USER_PATHS = NO;
				CLANG_ANALYZER_NONNULL = YES;
				CLANG_ANALYZER_NUMBER_OBJECT_CONVERSION = YES_AGGRESSIVE;
				CLANG_CXX_LANGUAGE_STANDARD = "gnu++14";
				CLANG_CXX_LIBRARY = "libc++";
				CLANG_ENABLE_MODULES = YES;
				CLANG_ENABLE_OBJC_ARC = YES;
				CLANG_ENABLE_OBJC_WEAK = YES;
				CLANG_WARN_BLOCK_CAPTURE_AUTORELEASING = YES;
				CLANG_WARN_BOOL_CONVERSION = YES;
				CLANG_WARN_COMMA = YES;
				CLANG_WARN_CONSTANT_CONVERSION = YES;
				CLANG_WARN_DEPRECATED_OBJC_IMPLEMENTATIONS = YES;
				CLANG_WARN_DIRECT_OBJC_ISA_USAGE = YES_ERROR;
				CLANG_WARN_DOCUMENTATION_COMMENTS = YES;
				CLANG_WARN_EMPTY_BODY = YES;
				CLANG_WARN_ENUM_CONVERSION = YES;
				CLANG_WARN_INFINITE_RECURSION = YES;
				CLANG_WARN_INT_CONVERSION = YES;
				CLANG_WARN_NON_LITERAL_NULL_CONVERSION = YES;
				CLANG_WARN_OBJC_IMPLICIT_RETAIN_SELF = YES;
				CLANG_WARN_OBJC_LITERAL_CONVERSION = YES;
				CLANG_WARN_OBJC_ROOT_CLASS = YES_ERROR;
				CLANG_WARN_RANGE_LOOP_ANALYSIS = YES;
				CLANG_WARN_STRICT_PROTOTYPES = YES;
				CLANG_WARN_SUSPICIOUS_MOVE = YES;
				CLANG_WARN_UNGUARDED_AVAILABILITY = YES_AGGRESSIVE;
				CLANG_WARN_UNREACHABLE_CODE = YES;
				CLANG_WARN__DUPLICATE_METHOD_MATCH = YES;
				COPY_PHASE_STRIP = NO;
				DEBUG_INFORMATION_FORMAT = dwarf;
				ENABLE_STRICT_OBJC_MSGSEND = YES;
				ENABLE_TESTABILITY = YES;
				GCC_C_LANGUAGE_STANDARD = gnu11;
				GCC_DYNAMIC_NO_PIC = NO;
				GCC_NO_COMMON_BLOCKS = YES;
				GCC_OPTIMIZATION_LEVEL = 0;
				GCC_PREPROCESSOR_DEFINITIONS = (
					"DEBUG=1",
					"$(inherited)",
				);
				GCC_WARN_64_TO_32_BIT_CONVERSION = YES;
				GCC_WARN_ABOUT_RETURN_TYPE = YES_ERROR;
				GCC_WARN_UNDECLARED_SELECTOR = YES;
				GCC_WARN_UNINITIALIZED_AUTOS = YES_AGGRESSIVE;
				GCC_WARN_UNUSED_FUNCTION = YES;
				GCC_WARN_UNUSED_VARIABLE = YES;
				IPHONEOS_DEPLOYMENT_TARGET = 13.4;
				MTL_ENABLE_DEBUG_INFO = INCLUDE_SOURCE;
				MTL_FAST_MATH = YES;
				ONLY_ACTIVE_ARCH = YES;
				SDKROOT = iphoneos;
			};
			name = Debug;
		};
		C6EE8D2124737F08004DB4D3 /* Release */ = {
			isa = XCBuildConfiguration;
			buildSettings = {
				ALWAYS_SEARCH_USER_PATHS = NO;
				CLANG_ANALYZER_NONNULL = YES;
				CLANG_ANALYZER_NUMBER_OBJECT_CONVERSION = YES_AGGRESSIVE;
				CLANG_CXX_LANGUAGE_STANDARD = "gnu++14";
				CLANG_CXX_LIBRARY = "libc++";
				CLANG_ENABLE_MODULES = YES;
				CLANG_ENABLE_OBJC_ARC = YES;
				CLANG_ENABLE_OBJC_WEAK = YES;
				CLANG_WARN_BLOCK_CAPTURE_AUTORELEASING = YES;
				CLANG_WARN_BOOL_CONVERSION = YES;
				CLANG_WARN_COMMA = YES;
				CLANG_WARN_CONSTANT_CONVERSION = YES;
				CLANG_WARN_DEPRECATED_OBJC_IMPLEMENTATIONS = YES;
				CLANG_WARN_DIRECT_OBJC_ISA_USAGE = YES_ERROR;
				CLANG_WARN_DOCUMENTATION_COMMENTS = YES;
				CLANG_WARN_EMPTY_BODY = YES;
				CLANG_WARN_ENUM_CONVERSION = YES;
				CLANG_WARN_INFINITE_RECURSION = YES;
				CLANG_WARN_INT_CONVERSION = YES;
				CLANG_WARN_NON_LITERAL_NULL_CONVERSION = YES;
				CLANG_WARN_OBJC_IMPLICIT_RETAIN_SELF = YES;
				CLANG_WARN_OBJC_LITERAL_CONVERSION = YES;
				CLANG_WARN_OBJC_ROOT_CLASS = YES_ERROR;
				CLANG_WARN_RANGE_LOOP_ANALYSIS = YES;
				CLANG_WARN_STRICT_PROTOTYPES = YES;
				CLANG_WARN_SUSPICIOUS_MOVE = YES;
				CLANG_WARN_UNGUARDED_AVAILABILITY = YES_AGGRESSIVE;
				CLANG_WARN_UNREACHABLE_CODE = YES;
				CLANG_WARN__DUPLICATE_METHOD_MATCH = YES;
				COPY_PHASE_STRIP = NO;
				DEBUG_INFORMATION_FORMAT = "dwarf-with-dsym";
				ENABLE_NS_ASSERTIONS = NO;
				ENABLE_STRICT_OBJC_MSGSEND = YES;
				GCC_C_LANGUAGE_STANDARD = gnu11;
				GCC_NO_COMMON_BLOCKS = YES;
				GCC_WARN_64_TO_32_BIT_CONVERSION = YES;
				GCC_WARN_ABOUT_RETURN_TYPE = YES_ERROR;
				GCC_WARN_UNDECLARED_SELECTOR = YES;
				GCC_WARN_UNINITIALIZED_AUTOS = YES_AGGRESSIVE;
				GCC_WARN_UNUSED_FUNCTION = YES;
				GCC_WARN_UNUSED_VARIABLE = YES;
				IPHONEOS_DEPLOYMENT_TARGET = 13.4;
				MTL_ENABLE_DEBUG_INFO = NO;
				MTL_FAST_MATH = YES;
				SDKROOT = iphoneos;
				VALIDATE_PRODUCT = YES;
			};
			name = Release;
		};
		C6EE8D2324737F08004DB4D3 /* Debug */ = {
			isa = XCBuildConfiguration;
			baseConfigurationReference = F491E9E1F522695C231A1AC4 /* Pods-flutter-boost-ios.debug.xcconfig */;
			buildSettings = {
				ASSETCATALOG_COMPILER_APPICON_NAME = AppIcon;
				CODE_SIGN_STYLE = Automatic;
				DEVELOPMENT_TEAM = 94JFPTRDN5;
				INFOPLIST_FILE = "flutter-boost-ios/Info.plist";
				IPHONEOS_DEPLOYMENT_TARGET = 11.0;
				LD_RUNPATH_SEARCH_PATHS = (
					"$(inherited)",
					"@executable_path/Frameworks",
				);
				PRODUCT_BUNDLE_IDENTIFIER = "Mvm.flutter-boost-ios";
				PRODUCT_NAME = "$(TARGET_NAME)";
				TARGETED_DEVICE_FAMILY = "1,2";
			};
			name = Debug;
		};
		C6EE8D2424737F08004DB4D3 /* Release */ = {
			isa = XCBuildConfiguration;
			baseConfigurationReference = BCCFECF24913687754BAA04C /* Pods-flutter-boost-ios.release.xcconfig */;
			buildSettings = {
				ASSETCATALOG_COMPILER_APPICON_NAME = AppIcon;
				CODE_SIGN_STYLE = Automatic;
				DEVELOPMENT_TEAM = 94JFPTRDN5;
				INFOPLIST_FILE = "flutter-boost-ios/Info.plist";
				IPHONEOS_DEPLOYMENT_TARGET = 11.0;
				LD_RUNPATH_SEARCH_PATHS = (
					"$(inherited)",
					"@executable_path/Frameworks",
				);
				PRODUCT_BUNDLE_IDENTIFIER = "Mvm.flutter-boost-ios";
				PRODUCT_NAME = "$(TARGET_NAME)";
				TARGETED_DEVICE_FAMILY = "1,2";
			};
			name = Release;
		};
/* End XCBuildConfiguration section */

/* Begin XCConfigurationList section */
		C6EE8D0424737F04004DB4D3 /* Build configuration list for PBXProject "flutter-boost-ios" */ = {
			isa = XCConfigurationList;
			buildConfigurations = (
				C6EE8D2024737F08004DB4D3 /* Debug */,
				C6EE8D2124737F08004DB4D3 /* Release */,
			);
			defaultConfigurationIsVisible = 0;
			defaultConfigurationName = Release;
		};
		C6EE8D2224737F08004DB4D3 /* Build configuration list for PBXNativeTarget "flutter-boost-ios" */ = {
			isa = XCConfigurationList;
			buildConfigurations = (
				C6EE8D2324737F08004DB4D3 /* Debug */,
				C6EE8D2424737F08004DB4D3 /* Release */,
			);
			defaultConfigurationIsVisible = 0;
			defaultConfigurationName = Release;
		};
/* End XCConfigurationList section */
	};
	rootObject = C6EE8D0124737F04004DB4D3 /* Project object */;
}
